
Microsoft Visual Studio Solution File, Format Version 12.00
# Visual Studio Version 16
VisualStudioVersion = 16.0.29728.190
MinimumVisualStudioVersion = 10.0.40219.1
Project("{FAE04EC0-301F-11D3-BF4B-00C04F79EFBC}") = "DockingManager_ContextMenuButton", "DockingManager_contextmenu\DockingManager_ContextMenuButton.csproj", "{4C37EF98-6483-4556-9A4A-0AD386D3316D}"
EndProject
Global
	GlobalSection(SolutionConfigurationPlatforms) = preSolution
		Debug|Any CPU = Debug|Any CPU
		Release|Any CPU = Release|Any CPU
	EndGlobalSection
	GlobalSection(ProjectConfigurationPlatforms) = postSolution
		{4C37EF98-6483-4556-9A4A-0AD386D3316D}.Debug|Any CPU.ActiveCfg = Debug|Any CPU
		{4C37EF98-6483-4556-9A4A-0AD386D3316D}.Debug|Any CPU.Build.0 = Debug|Any CPU
		{4C37EF98-6483-4556-9A4A-0AD386D3316D}.Release|Any CPU.ActiveCfg = Release|Any CPU
		{4C37EF98-6483-4556-9A4A-0AD386D3316D}.Release|Any CPU.Build.0 = Release|Any CPU
	EndGlobalSection
	GlobalSection(SolutionProperties) = preSolution
		HideSolutionNode = FALSE
	EndGlobalSection
	GlobalSection(ExtensibilityGlobals) = postSolution
		SolutionGuid = {7345AF67-7DC4-4747-ADFD-2CE8AABB43F3}
	EndGlobalSection
EndGlobal
